
Microsoft Visual Studio Solution File, Format Version 12.00
# Visual Studio Version 17
VisualStudioVersion = 17.1.32228.430
MinimumVisualStudioVersion = 10.0.40219.1
Project("{2150E333-8FDC-42A3-9474-1A3956D46DE8}") = "src", "src", "{D06611CA-F2A9-4821-BB2F-DB0306EA3FF7}"
EndProject
Project("{9A19103F-16F7-4668-BE54-9A1E7A4F7556}") = "vc_module_MelhorEnvio.Web", "vc-module-MelhorEnvio\vc_module_MelhorEnvio.Web\vc_module_MelhorEnvio.Web.csproj", "{00F388E1-6E6A-4AF0-8A60-BC72CBD2B47B}"
EndProject
Project("{9A19103F-16F7-4668-BE54-9A1E7A4F7556}") = "vc_module_MelhorEnvio.Core", "vc-module-MelhorEnvio\vc_module_MelhorEnvio.Core\vc_module_MelhorEnvio.Core.csproj", "{4AA3F7BD-361B-481E-BE02-3126D7AE3282}"
EndProject
Project("{9A19103F-16F7-4668-BE54-9A1E7A4F7556}") = "vc_module_MelhorEnvio.Data", "vc-module-MelhorEnvio\vc_module_MelhorEnvio.Data\vc_module_MelhorEnvio.Data.csproj", "{2A796B2C-E5E4-4B62-85CF-3608BCD3A8C3}"
EndProject
Project("{2150E333-8FDC-42A3-9474-1A3956D46DE8}") = "tests", "tests", "{EADFB47E-C177-497F-AC26-1C17E7123FDC}"
EndProject
Project("{9A19103F-16F7-4668-BE54-9A1E7A4F7556}") = "vc_module_MelhorEnvio.Tests", "vc-module-MelhorEnvio\vc_module_MelhorEnvio.Tests\vc_module_MelhorEnvio.Tests.csproj", "{77C4B392-7685-44FF-A8E5-F85BA8D7DE5C}"
EndProject
Project("{2150E333-8FDC-42A3-9474-1A3956D46DE8}") = "Solution Items", "Solution Items", "{AD18FA0A-653A-40B2-988C-D54C31E42AEA}"
	ProjectSection(SolutionItems) = preProject
		.editorconfig = .editorconfig
	EndProjectSection
EndProject
Global
	GlobalSection(SolutionConfigurationPlatforms) = preSolution
		Debug|Any CPU = Debug|Any CPU
		Release|Any CPU = Release|Any CPU
	EndGlobalSection
	GlobalSection(ProjectConfigurationPlatforms) = postSolution
		{00F388E1-6E6A-4AF0-8A60-BC72CBD2B47B}.Debug|Any CPU.ActiveCfg = Debug|Any CPU
		{00F388E1-6E6A-4AF0-8A60-BC72CBD2B47B}.Debug|Any CPU.Build.0 = Debug|Any CPU
		{00F388E1-6E6A-4AF0-8A60-BC72CBD2B47B}.Release|Any CPU.ActiveCfg = Release|Any CPU
		{00F388E1-6E6A-4AF0-8A60-BC72CBD2B47B}.Release|Any CPU.Build.0 = Release|Any CPU
		{4AA3F7BD-361B-481E-BE02-3126D7AE3282}.Debug|Any CPU.ActiveCfg = Debug|Any CPU
		{4AA3F7BD-361B-481E-BE02-3126D7AE3282}.Debug|Any CPU.Build.0 = Debug|Any CPU
		{4AA3F7BD-361B-481E-BE02-3126D7AE3282}.Release|Any CPU.ActiveCfg = Release|Any CPU
		{4AA3F7BD-361B-481E-BE02-3126D7AE3282}.Release|Any CPU.Build.0 = Release|Any CPU
		{2A796B2C-E5E4-4B62-85CF-3608BCD3A8C3}.Debug|Any CPU.ActiveCfg = Debug|Any CPU
		{2A796B2C-E5E4-4B62-85CF-3608BCD3A8C3}.Debug|Any CPU.Build.0 = Debug|Any CPU
		{2A796B2C-E5E4-4B62-85CF-3608BCD3A8C3}.Release|Any CPU.ActiveCfg = Release|Any CPU
		{2A796B2C-E5E4-4B62-85CF-3608BCD3A8C3}.Release|Any CPU.Build.0 = Release|Any CPU
		{77C4B392-7685-44FF-A8E5-F85BA8D7DE5C}.Debug|Any CPU.ActiveCfg = Debug|Any CPU
		{77C4B392-7685-44FF-A8E5-F85BA8D7DE5C}.Debug|Any CPU.Build.0 = Debug|Any CPU
		{77C4B392-7685-44FF-A8E5-F85BA8D7DE5C}.Release|Any CPU.ActiveCfg = Release|Any CPU
		{77C4B392-7685-44FF-A8E5-F85BA8D7DE5C}.Release|Any CPU.Build.0 = Release|Any CPU
	EndGlobalSection
	GlobalSection(SolutionProperties) = preSolution
		HideSolutionNode = FALSE
	EndGlobalSection
	GlobalSection(NestedProjects) = preSolution
		{00F388E1-6E6A-4AF0-8A60-BC72CBD2B47B} = {D06611CA-F2A9-4821-BB2F-DB0306EA3FF7}
		{4AA3F7BD-361B-481E-BE02-3126D7AE3282} = {D06611CA-F2A9-4821-BB2F-DB0306EA3FF7}
		{2A796B2C-E5E4-4B62-85CF-3608BCD3A8C3} = {D06611CA-F2A9-4821-BB2F-DB0306EA3FF7}
		{77C4B392-7685-44FF-A8E5-F85BA8D7DE5C} = {EADFB47E-C177-497F-AC26-1C17E7123FDC}
	EndGlobalSection
	GlobalSection(ExtensibilityGlobals) = postSolution
		SolutionGuid = {AB128F74-17A3-4B21-9D11-43BFF98E99BE}
	EndGlobalSection
EndGlobal
